
Microsoft Visual Studio Solution File, Format Version 12.00
# Visual Studio Version 17
VisualStudioVersion = 17.6.33712.159
MinimumVisualStudioVersion = 10.0.40219.1
Project("{FAE04EC0-301F-11D3-BF4B-00C04F79EFBC}") = "CookieCode.Consoles", "CookieCode.Consoles\CookieCode.Consoles.csproj", "{AD50F608-6808-47C2-9D31-4CB508E5AE01}"
EndProject
Project("{FAE04EC0-301F-11D3-BF4B-00C04F79EFBC}") = "CookieCode.Consoles.Test", "CookieCode.Consoles.Test\CookieCode.Consoles.Test.csproj", "{CD0B3EA8-7888-4BB6-8952-19EFEBD47349}"
EndProject
Project("{2150E333-8FDC-42A3-9474-1A3956D46DE8}") = "Solution Items", "Solution Items", "{27240D1F-BF40-4DCE-B5CF-7FF8BC1A4967}"
	ProjectSection(SolutionItems) = preProject
		.gitignore = .gitignore
		ReadMe.md = ReadMe.md
	EndProjectSection
EndProject
Global
	GlobalSection(SolutionConfigurationPlatforms) = preSolution
		Debug|Any CPU = Debug|Any CPU
		Release|Any CPU = Release|Any CPU
	EndGlobalSection
	GlobalSection(ProjectConfigurationPlatforms) = postSolution
		{AD50F608-6808-47C2-9D31-4CB508E5AE01}.Debug|Any CPU.ActiveCfg = Debug|Any CPU
		{AD50F608-6808-47C2-9D31-4CB508E5AE01}.Debug|Any CPU.Build.0 = Debug|Any CPU
		{AD50F608-6808-47C2-9D31-4CB508E5AE01}.Release|Any CPU.ActiveCfg = Release|Any CPU
		{AD50F608-6808-47C2-9D31-4CB508E5AE01}.Release|Any CPU.Build.0 = Release|Any CPU
		{CD0B3EA8-7888-4BB6-8952-19EFEBD47349}.Debug|Any CPU.ActiveCfg = Debug|Any CPU
		{CD0B3EA8-7888-4BB6-8952-19EFEBD47349}.Debug|Any CPU.Build.0 = Debug|Any CPU
		{CD0B3EA8-7888-4BB6-8952-19EFEBD47349}.Release|Any CPU.ActiveCfg = Release|Any CPU
		{CD0B3EA8-7888-4BB6-8952-19EFEBD47349}.Release|Any CPU.Build.0 = Release|Any CPU
	EndGlobalSection
	GlobalSection(SolutionProperties) = preSolution
		HideSolutionNode = FALSE
	EndGlobalSection
	GlobalSection(ExtensibilityGlobals) = postSolution
		SolutionGuid = {0DFFF162-8F10-45D3-A740-48C42FD34C6E}
	EndGlobalSection
EndGlobal
